Microsoft Visual Studio Solution File, Format Version 12.00
# Visual Studio Version 17
VisualStudioVersion = 17.5.2.0
MinimumVisualStudioVersion = 10.0.40219.1
Project("{FAE04EC0-301F-11D3-BF4B-00C04F79EFBC}") = "semana14", "semana14\semana14.csproj", "{B587B31B-CDAA-FF5E-922A-D3BDAFECE6CE}"
EndProject
Global
	GlobalSection(SolutionConfigurationPlatforms) = preSolution
		Debug|Any CPU = Debug|Any CPU
		Release|Any CPU = Release|Any CPU
	EndGlobalSection
	GlobalSection(ProjectConfigurationPlatforms) = postSolution
		{B587B31B-CDAA-FF5E-922A-D3BDAFECE6CE}.Debug|Any CPU.ActiveCfg = Debug|Any CPU
		{B587B31B-CDAA-FF5E-922A-D3BDAFECE6CE}.Debug|Any CPU.Build.0 = Debug|Any CPU
		{B587B31B-CDAA-FF5E-922A-D3BDAFECE6CE}.Release|Any CPU.ActiveCfg = Release|Any CPU
		{B587B31B-CDAA-FF5E-922A-D3BDAFECE6CE}.Release|Any CPU.Build.0 = Release|Any CPU
	EndGlobalSection
	GlobalSection(SolutionProperties) = preSolution
		HideSolutionNode = FALSE
	EndGlobalSection
	GlobalSection(ExtensibilityGlobals) = postSolution
		SolutionGuid = {E67C5C02-9023-489A-8BB0-DB7DF914C16C}
	EndGlobalSection
EndGlobal
