Microsoft Visual Studio Solution File, Format Version 12.00
# Visual Studio Version 17
VisualStudioVersion = 17.5.2.0
MinimumVisualStudioVersion = 10.0.40219.1
Project("{FAE04EC0-301F-11D3-BF4B-00C04F79EFBC}") = "semana10", "semana10\semana10.csproj", "{BA57F956-0B96-91FA-4AEB-5045D8078265}"
EndProject
Global
	GlobalSection(SolutionConfigurationPlatforms) = preSolution
		Debug|Any CPU = Debug|Any CPU
		Release|Any CPU = Release|Any CPU
	EndGlobalSection
	GlobalSection(ProjectConfigurationPlatforms) = postSolution
		{BA57F956-0B96-91FA-4AEB-5045D8078265}.Debug|Any CPU.ActiveCfg = Debug|Any CPU
		{BA57F956-0B96-91FA-4AEB-5045D8078265}.Debug|Any CPU.Build.0 = Debug|Any CPU
		{BA57F956-0B96-91FA-4AEB-5045D8078265}.Release|Any CPU.ActiveCfg = Release|Any CPU
		{BA57F956-0B96-91FA-4AEB-5045D8078265}.Release|Any CPU.Build.0 = Release|Any CPU
	EndGlobalSection
	GlobalSection(SolutionProperties) = preSolution
		HideSolutionNode = FALSE
	EndGlobalSection
	GlobalSection(ExtensibilityGlobals) = postSolution
		SolutionGuid = {3A78DB3B-E6CC-4ED0-9BF9-08DCF3C95FF5}
	EndGlobalSection
EndGlobal
